{
  "name": "lsp",
  "lockfileVersion": 3,
  "requires": true,
  "packages": {
    "": {
      "dependencies": {
        "pyright": "^1.1.411",
        "typescript": "^6.0.3",
        "typescript-language-server": "^5.3.0"
      }
    },
    "node_modules/fsevents": {
      "version": "2.3.3",
      "resolved": "http://mirrors.tencentyun.com/npm/fsevents/-/fsevents-2.3.3.tgz",
      "integrity": "sha512-5xoDfX+fL7faATnagmWPpbFtwh/R77WmMMqqHGS65C3vvB0YHrgF+B1YmZ3441tMj5n63k0212XNoJwzlhffQw==",
      "hasInstallScript": true,
      "license": "MIT",
      "optional": true,
      "os": [
        "darwin"
      ],
      "engines": {
        "node": "^8.16.0 || ^10.6.0 || >=11.0.0"
      }
    },
    "node_modules/pyright": {
      "version": "1.1.411",
      "resolved": "http://mirrors.tencentyun.com/npm/pyright/-/pyright-1.1.411.tgz",
      "integrity": "sha512-03S/vmS5lF1S/tVbKc2WNXCMq8JWCwta/qIYjj1jvqbQhoy+N3NgBzHTSmUlbYD6DJwqQ5XHf108QujoqeURvw==",
      "license": "MIT",
      "bin": {
        "pyright": "index.js",
        "pyright-langserver": "langserver.index.js"
      },
      "engines": {
        "node": ">=14.0.0"
      },
      "optionalDependencies": {
        "fsevents": "~2.3.3"
      }
    },
    "node_modules/typescript": {
      "version": "6.0.3",
      "resolved": "http://mirrors.tencentyun.com/npm/typescript/-/typescript-6.0.3.tgz",
      "integrity": "sha512-y2TvuxSZPDyQakkFRPZHKFm+KKVqIisdg9/CZwm9ftvKXLP8NRWj38/ODjNbr43SsoXqNuAisEf1GdCxqWcdBw==",
      "license": "Apache-2.0",
      "bin": {
        "tsc": "bin/tsc",
        "tsserver": "bin/tsserver"
      },
      "engines": {
        "node": ">=14.17"
      }
    },
    "node_modules/typescript-language-server": {
      "version": "5.3.0",
      "resolved": "http://mirrors.tencentyun.com/npm/typescript-language-server/-/typescript-language-server-5.3.0.tgz",
      "integrity": "sha512-5puofxZHgFdAYtfNpmwCAvgtaYgg8wrUnH30m7Ze3QuguId5RNRadKASpOpyDxTyUdAF51FjhTdjntLw/EuWcQ==",
      "license": "Apache-2.0",
      "bin": {
        "typescript-language-server": "lib/cli.mjs"
      },
      "engines": {
        "node": ">=20"
      }
    }
  }
}
